
Microsoft Visual Studio Solution File, Format Version 12.00
# Visual Studio Version 16
VisualStudioVersion = 16.0.30523.141
MinimumVisualStudioVersion = 10.0.40219.1
Project("{9A19103F-16F7-4668-BE54-9A1E7A4F7556}") = "employ", "employ\employ.csproj", "{AFB3DF69-9D8F-43E0-B260-E674611AE73F}"
EndProject
Project("{9A19103F-16F7-4668-BE54-9A1E7A4F7556}") = "emp", "emp\emp.csproj", "{0C954136-E0C5-48E0-B82F-D3E282269432}"
EndProject
Project("{9A19103F-16F7-4668-BE54-9A1E7A4F7556}") = "email", "email\email.csproj", "{ED3C63D5-DF4B-4D60-A554-C4413A9EE333}"
EndProject
Project("{FAE04EC0-301F-11D3-BF4B-00C04F79EFBC}") = "inher", "inher\inher.csproj", "{1D07E3D2-8341-4B48-8A68-97D49CC93DD9}"
EndProject
Project("{FAE04EC0-301F-11D3-BF4B-00C04F79EFBC}") = "functionoverload", "functionoverload\functionoverload.csproj", "{E57D9E38-F991-4AEF-9728-28A6B80B6FAB}"
EndProject
Global
	GlobalSection(SolutionConfigurationPlatforms) = preSolution
		Debug|Any CPU = Debug|Any CPU
		Release|Any CPU = Release|Any CPU
	EndGlobalSection
	GlobalSection(ProjectConfigurationPlatforms) = postSolution
		{AFB3DF69-9D8F-43E0-B260-E674611AE73F}.Debug|Any CPU.ActiveCfg = Debug|Any CPU
		{AFB3DF69-9D8F-43E0-B260-E674611AE73F}.Debug|Any CPU.Build.0 = Debug|Any CPU
		{AFB3DF69-9D8F-43E0-B260-E674611AE73F}.Release|Any CPU.ActiveCfg = Release|Any CPU
		{AFB3DF69-9D8F-43E0-B260-E674611AE73F}.Release|Any CPU.Build.0 = Release|Any CPU
		{0C954136-E0C5-48E0-B82F-D3E282269432}.Debug|Any CPU.ActiveCfg = Debug|Any CPU
		{0C954136-E0C5-48E0-B82F-D3E282269432}.Debug|Any CPU.Build.0 = Debug|Any CPU
		{0C954136-E0C5-48E0-B82F-D3E282269432}.Release|Any CPU.ActiveCfg = Release|Any CPU
		{0C954136-E0C5-48E0-B82F-D3E282269432}.Release|Any CPU.Build.0 = Release|Any CPU
		{ED3C63D5-DF4B-4D60-A554-C4413A9EE333}.Debug|Any CPU.ActiveCfg = Debug|Any CPU
		{ED3C63D5-DF4B-4D60-A554-C4413A9EE333}.Debug|Any CPU.Build.0 = Debug|Any CPU
		{ED3C63D5-DF4B-4D60-A554-C4413A9EE333}.Release|Any CPU.ActiveCfg = Release|Any CPU
		{ED3C63D5-DF4B-4D60-A554-C4413A9EE333}.Release|Any CPU.Build.0 = Release|Any CPU
		{1D07E3D2-8341-4B48-8A68-97D49CC93DD9}.Debug|Any CPU.ActiveCfg = Debug|Any CPU
		{1D07E3D2-8341-4B48-8A68-97D49CC93DD9}.Debug|Any CPU.Build.0 = Debug|Any CPU
		{1D07E3D2-8341-4B48-8A68-97D49CC93DD9}.Release|Any CPU.ActiveCfg = Release|Any CPU
		{1D07E3D2-8341-4B48-8A68-97D49CC93DD9}.Release|Any CPU.Build.0 = Release|Any CPU
		{E57D9E38-F991-4AEF-9728-28A6B80B6FAB}.Debug|Any CPU.ActiveCfg = Debug|Any CPU
		{E57D9E38-F991-4AEF-9728-28A6B80B6FAB}.Debug|Any CPU.Build.0 = Debug|Any CPU
		{E57D9E38-F991-4AEF-9728-28A6B80B6FAB}.Release|Any CPU.ActiveCfg = Release|Any CPU
		{E57D9E38-F991-4AEF-9728-28A6B80B6FAB}.Release|Any CPU.Build.0 = Release|Any CPU
	EndGlobalSection
	GlobalSection(SolutionProperties) = preSolution
		HideSolutionNode = FALSE
	EndGlobalSection
	GlobalSection(ExtensibilityGlobals) = postSolution
		SolutionGuid = {4888B799-4F02-4241-AB15-D58197C8BC3C}
	EndGlobalSection
EndGlobal
